
Microsoft Visual Studio Solution File, Format Version 12.00
# Visual Studio Version 16
VisualStudioVersion = 16.0.30907.101
MinimumVisualStudioVersion = 10.0.40219.1
Project("{FAE04EC0-301F-11D3-BF4B-00C04F79EFBC}") = "BookStore", "BookStore\BookStore.csproj", "{EC214914-04DC-4898-BB54-BE95A636F7CF}"
EndProject
Global
	GlobalSection(SolutionConfigurationPlatforms) = preSolution
		Debug|Any CPU = Debug|Any CPU
		Release|Any CPU = Release|Any CPU
	EndGlobalSection
	GlobalSection(ProjectConfigurationPlatforms) = postSolution
		{EC214914-04DC-4898-BB54-BE95A636F7CF}.Debug|Any CPU.ActiveCfg = Debug|Any CPU
		{EC214914-04DC-4898-BB54-BE95A636F7CF}.Debug|Any CPU.Build.0 = Debug|Any CPU
		{EC214914-04DC-4898-BB54-BE95A636F7CF}.Release|Any CPU.ActiveCfg = Release|Any CPU
		{EC214914-04DC-4898-BB54-BE95A636F7CF}.Release|Any CPU.Build.0 = Release|Any CPU
	EndGlobalSection
	GlobalSection(SolutionProperties) = preSolution
		HideSolutionNode = FALSE
	EndGlobalSection
	GlobalSection(ExtensibilityGlobals) = postSolution
		SolutionGuid = {4E740211-829E-4B2B-A4C9-71AF9969B8F7}
	EndGlobalSection
EndGlobal
